// !$*UTF8*$!
{
	archiveVersion = 1;
	classes = {
	};
	objectVersion = 50;
	objects = {

/* Begin PBXBuildFile section */
		1C8CD5EC5E980CE6B0F76974 /* libPods-SyncMultipleAsyncTasks.a in Frameworks */ = {isa = PBXBuildFile; fileRef = 1055678A70D2CEA00A731D23 /* libPods-SyncMultipleAsyncTasks.a */; };
		9BB1DFFC22D523B900A7A93C /* AppDelegate.m in Sources */ = {isa = PBXBuildFile; fileRef = 9BB1DFFB22D523B900A7A93C /* AppDelegate.m */; };
		9BB1DFFF22D523B900A7A93C /* ViewController.m in Sources */ = {isa = PBXBuildFile; fileRef = 9BB1DFFE22D523B900A7A93C /* ViewController.m */; };
		9BB1E00222D523B900A7A93C /* Main.storyboard in Resources */ = {isa = PBXBuildFile; fileRef = 9BB1E00022D523B900A7A93C /* Main.storyboard */; };
		9BB1E00422D523BC00A7A93C /* Assets.xcassets in Resources */ = {isa = PBXBuildFile; fileRef = 9BB1E00322D523BC00A7A93C /* Assets.xcassets */; };
		9BB1E00722D523BC00A7A93C /* LaunchScreen.storyboard in Resources */ = {isa = PBXBuildFile; fileRef = 9BB1E00522D523BC00A7A93C /* LaunchScreen.storyboard */; };
		9BB1E00A22D523BC00A7A93C /* main.m in Sources */ = {isa = PBXBuildFile; fileRef = 9BB1E00922D523BC00A7A93C /* main.m */; };
		9BB1E01222D5269800A7A93C /* ViewController+SyncTasks.m in Sources */ = {isa = PBXBuildFile; fileRef = 9BB1E01122D5269800A7A93C /* ViewController+SyncTasks.m */; };
/* End PBXBuildFile section */

/* Begin PBXFileReference section */
		1055678A70D2CEA00A731D23 /* libPods-SyncMultipleAsyncTasks.a */ = {isa = PBXFileReference; explicitFileType = archive.ar; includeInIndex = 0; path = "libPods-SyncMultipleAsyncTasks.a"; sourceTree = BUILT_PRODUCTS_DIR; };
		9BB1DFF722D523B900A7A93C /* SyncMultipleAsyncTasks.app */ = {isa = PBXFileReference; explicitFileType = wrapper.application; includeInIndex = 0; path = SyncMultipleAsyncTasks.app; sourceTree = BUILT_PRODUCTS_DIR; };
		9BB1DFFA22D523B900A7A93C /* AppDelegate.h */ = {isa = PBXFileReference; lastKnownFileType = sourcecode.c.h; path = AppDelegate.h; sourceTree = "<group>"; };
		9BB1DFFB22D523B900A7A93C /* AppDelegate.m */ = {isa = PBXFileReference; lastKnownFileType = sourcecode.c.objc; path = AppDelegate.m; sourceTree = "<group>"; };
		9BB1DFFD22D523B900A7A93C /* ViewController.h */ = {isa = PBXFileReference; lastKnownFileType = sourcecode.c.h; path = ViewController.h; sourceTree = "<group>"; };
		9BB1DFFE22D523B900A7A93C /* ViewController.m */ = {isa = PBXFileReference; lastKnownFileType = sourcecode.c.objc; path = ViewController.m; sourceTree = "<group>"; };
		9BB1E00122D523B900A7A93C /* Base */ = {isa = PBXFileReference; lastKnownFileType = file.storyboard; name = Base; path = Base.lproj/Main.storyboard; sourceTree = "<group>"; };
		9BB1E00322D523BC00A7A93C /* Assets.xcassets */ = {isa = PBXFileReference; lastKnownFileType = folder.assetcatalog; path = Assets.xcassets; sourceTree = "<group>"; };
		9BB1E00622D523BC00A7A93C /* Base */ = {isa = PBXFileReference; lastKnownFileType = file.storyboard; name = Base; path = Base.lproj/LaunchScreen.storyboard; sourceTree = "<group>"; };
		9BB1E00822D523BC00A7A93C /* Info.plist */ = {isa = PBXFileReference; lastKnownFileType = text.plist.xml; path = Info.plist; sourceTree = "<group>"; };
		9BB1E00922D523BC00A7A93C /* main.m */ = {isa = PBXFileReference; lastKnownFileType = sourcecode.c.objc; path = main.m; sourceTree = "<group>"; };
		9BB1E01022D5269800A7A93C /* ViewController+SyncTasks.h */ = {isa = PBXFileReference; lastKnownFileType = sourcecode.c.h; path = "ViewController+SyncTasks.h"; sourceTree = "<group>"; };
		9BB1E01122D5269800A7A93C /* ViewController+SyncTasks.m */ = {isa = PBXFileReference; lastKnownFileType = sourcecode.c.objc; path = "ViewController+SyncTasks.m"; sourceTree = "<group>"; };
		B02F47A28251583B6185C093 /* Pods-SyncMultipleAsyncTasks.release.xcconfig */ = {isa = PBXFileReference; includeInIndex = 1; lastKnownFileType = text.xcconfig; name = "Pods-SyncMultipleAsyncTasks.release.xcconfig"; path = "Pods/Target Support Files/Pods-SyncMultipleAsyncTasks/Pods-SyncMultipleAsyncTasks.release.xcconfig"; sourceTree = "<group>"; };
		C56B8651798488886148EAC8 /* Pods-SyncMultipleAsyncTasks.debug.xcconfig */ = {isa = PBXFileReference; includeInIndex = 1; lastKnownFileType = text.xcconfig; name = "Pods-SyncMultipleAsyncTasks.debug.xcconfig"; path = "Pods/Target Support Files/Pods-SyncMultipleAsyncTasks/Pods-SyncMultipleAsyncTasks.debug.xcconfig"; sourceTree = "<group>"; };
/* End PBXFileReference section */

/* Begin PBXFrameworksBuildPhase section */
		9BB1DFF422D523B900A7A93C /* Frameworks */ = {
			isa = PBXFrameworksBuildPhase;
			buildActionMask = 2147483647;
			files = (
				1C8CD5EC5E980CE6B0F76974 /* libPods-SyncMultipleAsyncTasks.a in Frameworks */,
			);
			runOnlyForDeploymentPostprocessing = 0;
		};
/* End PBXFrameworksBuildPhase section */

/* Begin PBXGroup section */
		51184F76DD7A4C56FEAF00F2 /* Frameworks */ = {
			isa = PBXGroup;
			children = (
				1055678A70D2CEA00A731D23 /* libPods-SyncMultipleAsyncTasks.a */,
			);
			name = Frameworks;
			sourceTree = "<group>";
		};
		9BB1DFEE22D523B900A7A93C = {
			isa = PBXGroup;
			children = (
				9BB1DFF922D523B900A7A93C /* SyncMultipleAsyncTasks */,
				9BB1DFF822D523B900A7A93C /* Products */,
				E38A3968FB1503EE41E50D98 /* Pods */,
				51184F76DD7A4C56FEAF00F2 /* Frameworks */,
			);
			sourceTree = "<group>";
		};
		9BB1DFF822D523B900A7A93C /* Products */ = {
			isa = PBXGroup;
			children = (
				9BB1DFF722D523B900A7A93C /* SyncMultipleAsyncTasks.app */,
			);
			name = Products;
			sourceTree = "<group>";
		};
		9BB1DFF922D523B900A7A93C /* SyncMultipleAsyncTasks */ = {
			isa = PBXGroup;
			children = (
				9BB1DFFA22D523B900A7A93C /* AppDelegate.h */,
				9BB1DFFB22D523B900A7A93C /* AppDelegate.m */,
				9BB1DFFD22D523B900A7A93C /* ViewController.h */,
				9BB1DFFE22D523B900A7A93C /* ViewController.m */,
				9BB1E01022D5269800A7A93C /* ViewController+SyncTasks.h */,
				9BB1E01122D5269800A7A93C /* ViewController+SyncTasks.m */,
				9BB1E00022D523B900A7A93C /* Main.storyboard */,
				9BB1E00322D523BC00A7A93C /* Assets.xcassets */,
				9BB1E00522D523BC00A7A93C /* LaunchScreen.storyboard */,
				9BB1E00822D523BC00A7A93C /* Info.plist */,
				9BB1E00922D523BC00A7A93C /* main.m */,
			);
			path = SyncMultipleAsyncTasks;
			sourceTree = "<group>";
		};
		E38A3968FB1503EE41E50D98 /* Pods */ = {
			isa = PBXGroup;
			children = (
				C56B8651798488886148EAC8 /* Pods-SyncMultipleAsyncTasks.debug.xcconfig */,
				B02F47A28251583B6185C093 /* Pods-SyncMultipleAsyncTasks.release.xcconfig */,
			);
			name = Pods;
			sourceTree = "<group>";
		};
/* End PBXGroup section */

/* Begin PBXNativeTarget section */
		9BB1DFF622D523B900A7A93C /* SyncMultipleAsyncTasks */ = {
			isa = PBXNativeTarget;
			buildConfigurationList = 9BB1E00D22D523BC00A7A93C /* Build configuration list for PBXNativeTarget "SyncMultipleAsyncTasks" */;
			buildPhases = (
				3B78F5CDD6174F4565E991ED /* [CP] Check Pods Manifest.lock */,
				9BB1DFF322D523B900A7A93C /* Sources */,
				9BB1DFF422D523B900A7A93C /* Frameworks */,
				9BB1DFF522D523B900A7A93C /* Resources */,
			);
			buildRules = (
			);
			dependencies = (
			);
			name = SyncMultipleAsyncTasks;
			productName = SyncMultipleAsyncTasks;
			productReference = 9BB1DFF722D523B900A7A93C /* SyncMultipleAsyncTasks.app */;
			productType = "com.apple.product-type.application";
		};
/* End PBXNativeTarget section */

/* Begin PBXProject section */
		9BB1DFEF22D523B900A7A93C /* Project object */ = {
			isa = PBXProject;
			attributes = {
				LastUpgradeCheck = 1020;
				ORGANIZATIONNAME = "Aya Irshaid";
				TargetAttributes = {
					9BB1DFF622D523B900A7A93C = {
						CreatedOnToolsVersion = 10.2;
					};
				};
			};
			buildConfigurationList = 9BB1DFF222D523B900A7A93C /* Build configuration list for PBXProject "SyncMultipleAsyncTasks" */;
			compatibilityVersion = "Xcode 9.3";
			developmentRegion = en;
			hasScannedForEncodings = 0;
			knownRegions = (
				en,
				Base,
			);
			mainGroup = 9BB1DFEE22D523B900A7A93C;
			productRefGroup = 9BB1DFF822D523B900A7A93C /* Products */;
			projectDirPath = "";
			projectRoot = "";
			targets = (
				9BB1DFF622D523B900A7A93C /* SyncMultipleAsyncTasks */,
			);
		};
/* End PBXProject section */

/* Begin PBXResourcesBuildPhase section */
		9BB1DFF522D523B900A7A93C /* Resources */ = {
			isa = PBXResourcesBuildPhase;
			buildActionMask = 2147483647;
			files = (
				9BB1E00722D523BC00A7A93C /* LaunchScreen.storyboard in Resources */,
				9BB1E00422D523BC00A7A93C /* Assets.xcassets in Resources */,
				9BB1E00222D523B900A7A93C /* Main.storyboard in Resources */,
			);
			runOnlyForDeploymentPostprocessing = 0;
		};
/* End PBXResourcesBuildPhase section */

/* Begin PBXShellScriptBuildPhase section */
		3B78F5CDD6174F4565E991ED /* [CP] Check Pods Manifest.lock */ = {
			isa = PBXShellScriptBuildPhase;
			buildActionMask = 2147483647;
			files = (
			);
			inputFileListPaths = (
			);
			inputPaths = (
				"${PODS_PODFILE_DIR_PATH}/Podfile.lock",
				"${PODS_ROOT}/Manifest.lock",
			);
			name = "[CP] Check Pods Manifest.lock";
			outputFileListPaths = (
			);
			outputPaths = (
				"$(DERIVED_FILE_DIR)/Pods-SyncMultipleAsyncTasks-checkManifestLockResult.txt",
			);
			runOnlyForDeploymentPostprocessing = 0;
			shellPath = /bin/sh;
			shellScript = "diff \"${PODS_PODFILE_DIR_PATH}/Podfile.lock\" \"${PODS_ROOT}/Manifest.lock\" > /dev/null\nif [ $? != 0 ] ; then\n    # print error to STDERR\n    echo \"error: The sandbox is not in sync with the Podfile.lock. Run 'pod install' or update your CocoaPods installation.\" >&2\n    exit 1\nfi\n# This output is used by Xcode 'outputs' to avoid re-running this script phase.\necho \"SUCCESS\" > \"${SCRIPT_OUTPUT_FILE_0}\"\n";
			showEnvVarsInLog = 0;
		};
/* End PBXShellScriptBuildPhase section */

/* Begin PBXSourcesBuildPhase section */
		9BB1DFF322D523B900A7A93C /* Sources */ = {
			isa = PBXSourcesBuildPhase;
			buildActionMask = 2147483647;
			files = (
				9BB1DFFF22D523B900A7A93C /* ViewController.m in Sources */,
				9BB1E00A22D523BC00A7A93C /* main.m in Sources */,
				9BB1E01222D5269800A7A93C /* ViewController+SyncTasks.m in Sources */,
				9BB1DFFC22D523B900A7A93C /* AppDelegate.m in Sources */,
			);
			runOnlyForDeploymentPostprocessing = 0;
		};
/* End PBXSourcesBuildPhase section */

/* Begin PBXVariantGroup section */
		9BB1E00022D523B900A7A93C /* Main.storyboard */ = {
			isa = PBXVariantGroup;
			children = (
				9BB1E00122D523B900A7A93C /* Base */,
			);
			name = Main.storyboard;
			sourceTree = "<group>";
		};
		9BB1E00522D523BC00A7A93C /* LaunchScreen.storyboard */ = {
			isa = PBXVariantGroup;
			children = (
				9BB1E00622D523BC00A7A93C /* Base */,
			);
			name = LaunchScreen.storyboard;
			sourceTree = "<group>";
		};
/* End PBXVariantGroup section */

/* Begin XCBuildConfiguration section */
		9BB1E00B22D523BC00A7A93C /* Debug */ = {
			isa = XCBuildConfiguration;
			buildSettings = {
				ALWAYS_SEARCH_USER_PATHS = NO;
				CLANG_ANALYZER_NONNULL = YES;
				CLANG_ANALYZER_NUMBER_OBJECT_CONVERSION = YES_AGGRESSIVE;
				CLANG_CXX_LANGUAGE_STANDARD = "gnu++14";
				CLANG_CXX_LIBRARY = "libc++";
				CLANG_ENABLE_MODULES = YES;
				CLANG_ENABLE_OBJC_ARC = YES;
				CLANG_ENABLE_OBJC_WEAK = YES;
				CLANG_WARN_BLOCK_CAPTURE_AUTORELEASING = YES;
				CLANG_WARN_BOOL_CONVERSION = YES;
				CLANG_WARN_COMMA = YES;
				CLANG_WARN_CONSTANT_CONVERSION = YES;
				CLANG_WARN_DEPRECATED_OBJC_IMPLEMENTATIONS = YES;
				CLANG_WARN_DIRECT_OBJC_ISA_USAGE = YES_ERROR;
				CLANG_WARN_DOCUMENTATION_COMMENTS = YES;
				CLANG_WARN_EMPTY_BODY = YES;
				CLANG_WARN_ENUM_CONVERSION = YES;
				CLANG_WARN_INFINITE_RECURSION = YES;
				CLANG_WARN_INT_CONVERSION = YES;
				CLANG_WARN_NON_LITERAL_NULL_CONVERSION = YES;
				CLANG_WARN_OBJC_IMPLICIT_RETAIN_SELF = YES;
				CLANG_WARN_OBJC_LITERAL_CONVERSION = YES;
				CLANG_WARN_OBJC_ROOT_CLASS = YES_ERROR;
				CLANG_WARN_RANGE_LOOP_ANALYSIS = YES;
				CLANG_WARN_STRICT_PROTOTYPES = YES;
				CLANG_WARN_SUSPICIOUS_MOVE = YES;
				CLANG_WARN_UNGUARDED_AVAILABILITY = YES_AGGRESSIVE;
				CLANG_WARN_UNREACHABLE_CODE = YES;
				CLANG_WARN__DUPLICATE_METHOD_MATCH = YES;
				CODE_SIGN_IDENTITY = "iPhone Developer";
				COPY_PHASE_STRIP = NO;
				DEBUG_INFORMATION_FORMAT = dwarf;
				ENABLE_STRICT_OBJC_MSGSEND = YES;
				ENABLE_TESTABILITY = YES;
				GCC_C_LANGUAGE_STANDARD = gnu11;
				GCC_DYNAMIC_NO_PIC = NO;
				GCC_NO_COMMON_BLOCKS = YES;
				GCC_OPTIMIZATION_LEVEL = 0;
				GCC_PREPROCESSOR_DEFINITIONS = (
					"DEBUG=1",
					"$(inherited)",
				);
				GCC_WARN_64_TO_32_BIT_CONVERSION = YES;
				GCC_WARN_ABOUT_RETURN_TYPE = YES_ERROR;
				GCC_WARN_UNDECLARED_SELECTOR = YES;
				GCC_WARN_UNINITIALIZED_AUTOS = YES_AGGRESSIVE;
				GCC_WARN_UNUSED_FUNCTION = YES;
				GCC_WARN_UNUSED_VARIABLE = YES;
				IPHONEOS_DEPLOYMENT_TARGET = 12.2;
				MTL_ENABLE_DEBUG_INFO = INCLUDE_SOURCE;
				MTL_FAST_MATH = YES;
				ONLY_ACTIVE_ARCH = YES;
				SDKROOT = iphoneos;
			};
			name = Debug;
		};
		9BB1E00C22D523BC00A7A93C /* Release */ = {
			isa = XCBuildConfiguration;
			buildSettings = {
				ALWAYS_SEARCH_USER_PATHS = NO;
				CLANG_ANALYZER_NONNULL = YES;
				CLANG_ANALYZER_NUMBER_OBJECT_CONVERSION = YES_AGGRESSIVE;
				CLANG_CXX_LANGUAGE_STANDARD = "gnu++14";
				CLANG_CXX_LIBRARY = "libc++";
				CLANG_ENABLE_MODULES = YES;
				CLANG_ENABLE_OBJC_ARC = YES;
				CLANG_ENABLE_OBJC_WEAK = YES;
				CLANG_WARN_BLOCK_CAPTURE_AUTORELEASING = YES;
				CLANG_WARN_BOOL_CONVERSION = YES;
				CLANG_WARN_COMMA = YES;
				CLANG_WARN_CONSTANT_CONVERSION = YES;
				CLANG_WARN_DEPRECATED_OBJC_IMPLEMENTATIONS = YES;
				CLANG_WARN_DIRECT_OBJC_ISA_USAGE = YES_ERROR;
				CLANG_WARN_DOCUMENTATION_COMMENTS = YES;
				CLANG_WARN_EMPTY_BODY = YES;
				CLANG_WARN_ENUM_CONVERSION = YES;
				CLANG_WARN_INFINITE_RECURSION = YES;
				CLANG_WARN_INT_CONVERSION = YES;
				CLANG_WARN_NON_LITERAL_NULL_CONVERSION = YES;
				CLANG_WARN_OBJC_IMPLICIT_RETAIN_SELF = YES;
				CLANG_WARN_OBJC_LITERAL_CONVERSION = YES;
				CLANG_WARN_OBJC_ROOT_CLASS = YES_ERROR;
				CLANG_WARN_RANGE_LOOP_ANALYSIS = YES;
				CLANG_WARN_STRICT_PROTOTYPES = YES;
				CLANG_WARN_SUSPICIOUS_MOVE = YES;
				CLANG_WARN_UNGUARDED_AVAILABILITY = YES_AGGRESSIVE;
				CLANG_WARN_UNREACHABLE_CODE = YES;
				CLANG_WARN__DUPLICATE_METHOD_MATCH = YES;
				CODE_SIGN_IDENTITY = "iPhone Developer";
				COPY_PHASE_STRIP = NO;
				DEBUG_INFORMATION_FORMAT = "dwarf-with-dsym";
				ENABLE_NS_ASSERTIONS = NO;
				ENABLE_STRICT_OBJC_MSGSEND = YES;
				GCC_C_LANGUAGE_STANDARD = gnu11;
				GCC_NO_COMMON_BLOCKS = YES;
				GCC_WARN_64_TO_32_BIT_CONVERSION = YES;
				GCC_WARN_ABOUT_RETURN_TYPE = YES_ERROR;
				GCC_WARN_UNDECLARED_SELECTOR = YES;
				GCC_WARN_UNINITIALIZED_AUTOS = YES_AGGRESSIVE;
				GCC_WARN_UNUSED_FUNCTION = YES;
				GCC_WARN_UNUSED_VARIABLE = YES;
				IPHONEOS_DEPLOYMENT_TARGET = 12.2;
				MTL_ENABLE_DEBUG_INFO = NO;
				MTL_FAST_MATH = YES;
				SDKROOT = iphoneos;
				VALIDATE_PRODUCT = YES;
			};
			name = Release;
		};
		9BB1E00E22D523BC00A7A93C /* Debug */ = {
			isa = XCBuildConfiguration;
			baseConfigurationReference = C56B8651798488886148EAC8 /* Pods-SyncMultipleAsyncTasks.debug.xcconfig */;
			buildSettings = {
				ASSETCATALOG_COMPILER_APPICON_NAME = AppIcon;
				CODE_SIGN_STYLE = Automatic;
				DEVELOPMENT_TEAM = 5P995A7MRK;
				INFOPLIST_FILE = SyncMultipleAsyncTasks/Info.plist;
				LD_RUNPATH_SEARCH_PATHS = (
					"$(inherited)",
					"@executable_path/Frameworks",
				);
				PRODUCT_BUNDLE_IDENTIFIER = com.AyaIrshaid.SyncMultipleAsyncTasks;
				PRODUCT_NAME = "$(TARGET_NAME)";
				TARGETED_DEVICE_FAMILY = "1,2";
			};
			name = Debug;
		};
		9BB1E00F22D523BC00A7A93C /* Release */ = {
			isa = XCBuildConfiguration;
			baseConfigurationReference = B02F47A28251583B6185C093 /* Pods-SyncMultipleAsyncTasks.release.xcconfig */;
			buildSettings = {
				ASSETCATALOG_COMPILER_APPICON_NAME = AppIcon;
				CODE_SIGN_STYLE = Automatic;
				DEVELOPMENT_TEAM = 5P995A7MRK;
				INFOPLIST_FILE = SyncMultipleAsyncTasks/Info.plist;
				LD_RUNPATH_SEARCH_PATHS = (
					"$(inherited)",
					"@executable_path/Frameworks",
				);
				PRODUCT_BUNDLE_IDENTIFIER = com.AyaIrshaid.SyncMultipleAsyncTasks;
				PRODUCT_NAME = "$(TARGET_NAME)";
				TARGETED_DEVICE_FAMILY = "1,2";
			};
			name = Release;
		};
/* End XCBuildConfiguration section */

/* Begin XCConfigurationList section */
		9BB1DFF222D523B900A7A93C /* Build configuration list for PBXProject "SyncMultipleAsyncTasks" */ = {
			isa = XCConfigurationList;
			buildConfigurations = (
				9BB1E00B22D523BC00A7A93C /* Debug */,
				9BB1E00C22D523BC00A7A93C /* Release */,
			);
			defaultConfigurationIsVisible = 0;
			defaultConfigurationName = Release;
		};
		9BB1E00D22D523BC00A7A93C /* Build configuration list for PBXNativeTarget "SyncMultipleAsyncTasks" */ = {
			isa = XCConfigurationList;
			buildConfigurations = (
				9BB1E00E22D523BC00A7A93C /* Debug */,
				9BB1E00F22D523BC00A7A93C /* Release */,
			);
			defaultConfigurationIsVisible = 0;
			defaultConfigurationName = Release;
		};
/* End XCConfigurationList section */
	};
	rootObject = 9BB1DFEF22D523B900A7A93C /* Project object */;
}
